codeberg.org/msantos/embedexe v0.0.0-20260307132226-e998067a7cec h1:nvUDW1kkBDYRfDZJWkPGdhEWLyJV/hUvdo7kdavBTVg=
codeberg.org/msantos/embedexe v0.0.0-20260307132226-e998067a7cec/go.mod h1:qJjzXtdbTUmGEwzlqBaGkEf8Hv01zgcjsLdgzBY7D1Y=
codeberg.org/msantos/execve v0.0.0-20260304121057-b54800594909 h1:DHEL9imuBsem608GZHq3aEl26w+8wV8z/5sic4U/EQU=
codeberg.org/msantos/execve v0.0.0-20260304121057-b54800594909/go.mod h1:anSar/XoY88y7ikIgjmWcFmO/sGJ0lEQ141ERPl+8uo=
github.com/tetratelabs/wazero v1.12.0 h1:DuWcpNu/FzgEXgGBDp8J1Spc+CWOvvtvVyjKlaZopYU=
github.com/tetratelabs/wazero v1.12.0/go.mod h1:LvKtzl2RqO4gyF27BiXU+nKAjcV8f38U+kP/q2vgxh0=
golang.org/x/sys v0.44.0 h1:ildZl3J4uzeKP07r2F++Op7E9B29JRUy+a27EibtBTQ=
golang.org/x/sys v0.44.0/go.mod h1:4GL1E5IUh+htKOUEOaiffhrAeqysfVGipDYzABqnCmw=
